// !$*UTF8*$!
{
	archiveVersion = 1;
	classes = {
	};
	objectVersion = 56;
	objects = {

/* Begin PBXBuildFile section */
		0790187E2983BF60007A0F44 /* AppDelegate.m in Sources */ = {isa = PBXBuildFile; fileRef = 0790187D2983BF60007A0F44 /* AppDelegate.m */; };
		079018812983BF60007A0F44 /* SceneDelegate.m in Sources */ = {isa = PBXBuildFile; fileRef = 079018802983BF60007A0F44 /* SceneDelegate.m */; };
		079018842983BF60007A0F44 /* ViewController.m in Sources */ = {isa = PBXBuildFile; fileRef = 079018832983BF60007A0F44 /* ViewController.m */; };
		079018872983BF60007A0F44 /* Main.storyboard in Resources */ = {isa = PBXBuildFile; fileRef = 079018852983BF60007A0F44 /* Main.storyboard */; };
		079018892983BF62007A0F44 /* Assets.xcassets in Resources */ = {isa = PBXBuildFile; fileRef = 079018882983BF62007A0F44 /* Assets.xcassets */; };
		0790188C2983BF62007A0F44 /* LaunchScreen.storyboard in Resources */ = {isa = PBXBuildFile; fileRef = 0790188A2983BF62007A0F44 /* LaunchScreen.storyboard */; };
		0790188F2983BF62007A0F44 /* main.m in Sources */ = {isa = PBXBuildFile; fileRef = 0790188E2983BF62007A0F44 /* main.m */; };
		079018992983BF62007A0F44 /* _84Tests.m in Sources */ = {isa = PBXBuildFile; fileRef = 079018982983BF62007A0F44 /* _84Tests.m */; };
		079018A32983BF62007A0F44 /* _84UITests.m in Sources */ = {isa = PBXBuildFile; fileRef = 079018A22983BF62007A0F44 /* _84UITests.m */; };
		079018A52983BF62007A0F44 /* _84UITestsLaunchTests.m in Sources */ = {isa = PBXBuildFile; fileRef = 079018A42983BF62007A0F44 /* _84UITestsLaunchTests.m */; };
/* End PBXBuildFile section */

/* Begin PBXContainerItemProxy section */
		079018952983BF62007A0F44 /* PBXContainerItemProxy */ = {
			isa = PBXContainerItemProxy;
			containerPortal = 079018712983BF5F007A0F44 /* Project object */;
			proxyType = 1;
			remoteGlobalIDString = 079018782983BF5F007A0F44;
			remoteInfo = 684;
		};
		0790189F2983BF62007A0F44 /* PBXContainerItemProxy */ = {
			isa = PBXContainerItemProxy;
			containerPortal = 079018712983BF5F007A0F44 /* Project object */;
			proxyType = 1;
			remoteGlobalIDString = 079018782983BF5F007A0F44;
			remoteInfo = 684;
		};
/* End PBXContainerItemProxy section */

/* Begin PBXFileReference section */
		079018792983BF60007A0F44 /* 684.app */ = {isa = PBXFileReference; explicitFileType = wrapper.application; includeInIndex = 0; path = 684.app; sourceTree = BUILT_PRODUCTS_DIR; };
		0790187C2983BF60007A0F44 /* AppDelegate.h */ = {isa = PBXFileReference; lastKnownFileType = sourcecode.c.h; path = AppDelegate.h; sourceTree = "<group>"; };
		0790187D2983BF60007A0F44 /* AppDelegate.m */ = {isa = PBXFileReference; lastKnownFileType = sourcecode.c.objc; path = AppDelegate.m; sourceTree = "<group>"; };
		0790187F2983BF60007A0F44 /* SceneDelegate.h */ = {isa = PBXFileReference; lastKnownFileType = sourcecode.c.h; path = SceneDelegate.h; sourceTree = "<group>"; };
		079018802983BF60007A0F44 /* SceneDelegate.m */ = {isa = PBXFileReference; lastKnownFileType = sourcecode.c.objc; path = SceneDelegate.m; sourceTree = "<group>"; };
		079018822983BF60007A0F44 /* ViewController.h */ = {isa = PBXFileReference; lastKnownFileType = sourcecode.c.h; path = ViewController.h; sourceTree = "<group>"; };
		079018832983BF60007A0F44 /* ViewController.m */ = {isa = PBXFileReference; lastKnownFileType = sourcecode.c.objc; path = ViewController.m; sourceTree = "<group>"; };
		079018862983BF60007A0F44 /* Base */ = {isa = PBXFileReference; lastKnownFileType = file.storyboard; name = Base; path = Base.lproj/Main.storyboard; sourceTree = "<group>"; };
		079018882983BF62007A0F44 /* Assets.xcassets */ = {isa = PBXFileReference; lastKnownFileType = folder.assetcatalog; path = Assets.xcassets; sourceTree = "<group>"; };
		0790188B2983BF62007A0F44 /* Base */ = {isa = PBXFileReference; lastKnownFileType = file.storyboard; name = Base; path = Base.lproj/LaunchScreen.storyboard; sourceTree = "<group>"; };
		0790188D2983BF62007A0F44 /* Info.plist */ = {isa = PBXFileReference; lastKnownFileType = text.plist.xml; path = Info.plist; sourceTree = "<group>"; };
		0790188E2983BF62007A0F44 /* main.m */ = {isa = PBXFileReference; lastKnownFileType = sourcecode.c.objc; path = main.m; sourceTree = "<group>"; };
		079018942983BF62007A0F44 /* 684Tests.xctest */ = {isa = PBXFileReference; explicitFileType = wrapper.cfbundle; includeInIndex = 0; path = 684Tests.xctest; sourceTree = BUILT_PRODUCTS_DIR; };
		079018982983BF62007A0F44 /* _84Tests.m */ = {isa = PBXFileReference; lastKnownFileType = sourcecode.c.objc; path = _84Tests.m; sourceTree = "<group>"; };
		0790189E2983BF62007A0F44 /* 684UITests.xctest */ = {isa = PBXFileReference; explicitFileType = wrapper.cfbundle; includeInIndex = 0; path = 684UITests.xctest; sourceTree = BUILT_PRODUCTS_DIR; };
		079018A22983BF62007A0F44 /* _84UITests.m */ = {isa = PBXFileReference; lastKnownFileType = sourcecode.c.objc; path = _84UITests.m; sourceTree = "<group>"; };
		079018A42983BF62007A0F44 /* _84UITestsLaunchTests.m */ = {isa = PBXFileReference; lastKnownFileType = sourcecode.c.objc; path = _84UITestsLaunchTests.m; sourceTree = "<group>"; };
/* End PBXFileReference section */

/* Begin PBXFrameworksBuildPhase section */
		079018762983BF5F007A0F44 /* Frameworks */ = {
			isa = PBXFrameworksBuildPhase;
			buildActionMask = 2147483647;
			files = (
			);
			runOnlyForDeploymentPostprocessing = 0;
		};
		079018912983BF62007A0F44 /* Frameworks */ = {
			isa = PBXFrameworksBuildPhase;
			buildActionMask = 2147483647;
			files = (
			);
			runOnlyForDeploymentPostprocessing = 0;
		};
		0790189B2983BF62007A0F44 /* Frameworks */ = {
			isa = PBXFrameworksBuildPhase;
			buildActionMask = 2147483647;
			files = (
			);
			runOnlyForDeploymentPostprocessing = 0;
		};
/* End PBXFrameworksBuildPhase section */

/* Begin PBXGroup section */
		079018702983BF5F007A0F44 = {
			isa = PBXGroup;
			children = (
				0790187B2983BF60007A0F44 /* 684 */,
				079018972983BF62007A0F44 /* 684Tests */,
				079018A12983BF62007A0F44 /* 684UITests */,
				0790187A2983BF60007A0F44 /* Products */,
			);
			sourceTree = "<group>";
		};
		0790187A2983BF60007A0F44 /* Products */ = {
			isa = PBXGroup;
			children = (
				079018792983BF60007A0F44 /* 684.app */,
				079018942983BF62007A0F44 /* 684Tests.xctest */,
				0790189E2983BF62007A0F44 /* 684UITests.xctest */,
			);
			name = Products;
			sourceTree = "<group>";
		};
		0790187B2983BF60007A0F44 /* 684 */ = {
			isa = PBXGroup;
			children = (
				0790187C2983BF60007A0F44 /* AppDelegate.h */,
				0790187D2983BF60007A0F44 /* AppDelegate.m */,
				0790187F2983BF60007A0F44 /* SceneDelegate.h */,
				079018802983BF60007A0F44 /* SceneDelegate.m */,
				079018822983BF60007A0F44 /* ViewController.h */,
				079018832983BF60007A0F44 /* ViewController.m */,
				079018852983BF60007A0F44 /* Main.storyboard */,
				079018882983BF62007A0F44 /* Assets.xcassets */,
				0790188A2983BF62007A0F44 /* LaunchScreen.storyboard */,
				0790188D2983BF62007A0F44 /* Info.plist */,
				0790188E2983BF62007A0F44 /* main.m */,
			);
			path = 684;
			sourceTree = "<group>";
		};
		079018972983BF62007A0F44 /* 684Tests */ = {
			isa = PBXGroup;
			children = (
				079018982983BF62007A0F44 /* _84Tests.m */,
			);
			path = 684Tests;
			sourceTree = "<group>";
		};
		079018A12983BF62007A0F44 /* 684UITests */ = {
			isa = PBXGroup;
			children = (
				079018A22983BF62007A0F44 /* _84UITests.m */,
				079018A42983BF62007A0F44 /* _84UITestsLaunchTests.m */,
			);
			path = 684UITests;
			sourceTree = "<group>";
		};
/* End PBXGroup section */

/* Begin PBXNativeTarget section */
		079018782983BF5F007A0F44 /* 684 */ = {
			isa = PBXNativeTarget;
			buildConfigurationList = 079018A82983BF62007A0F44 /* Build configuration list for PBXNativeTarget "684" */;
			buildPhases = (
				079018752983BF5F007A0F44 /* Sources */,
				079018762983BF5F007A0F44 /* Frameworks */,
				079018772983BF5F007A0F44 /* Resources */,
			);
			buildRules = (
			);
			dependencies = (
			);
			name = 684;
			productName = 684;
			productReference = 079018792983BF60007A0F44 /* 684.app */;
			productType = "com.apple.product-type.application";
		};
		079018932983BF62007A0F44 /* 684Tests */ = {
			isa = PBXNativeTarget;
			buildConfigurationList = 079018AB2983BF62007A0F44 /* Build configuration list for PBXNativeTarget "684Tests" */;
			buildPhases = (
				079018902983BF62007A0F44 /* Sources */,
				079018912983BF62007A0F44 /* Frameworks */,
				079018922983BF62007A0F44 /* Resources */,
			);
			buildRules = (
			);
			dependencies = (
				079018962983BF62007A0F44 /* PBXTargetDependency */,
			);
			name = 684Tests;
			productName = 684Tests;
			productReference = 079018942983BF62007A0F44 /* 684Tests.xctest */;
			productType = "com.apple.product-type.bundle.unit-test";
		};
		0790189D2983BF62007A0F44 /* 684UITests */ = {
			isa = PBXNativeTarget;
			buildConfigurationList = 079018AE2983BF62007A0F44 /* Build configuration list for PBXNativeTarget "684UITests" */;
			buildPhases = (
				0790189A2983BF62007A0F44 /* Sources */,
				0790189B2983BF62007A0F44 /* Frameworks */,
				0790189C2983BF62007A0F44 /* Resources */,
			);
			buildRules = (
			);
			dependencies = (
				079018A02983BF62007A0F44 /* PBXTargetDependency */,
			);
			name = 684UITests;
			productName = 684UITests;
			productReference = 0790189E2983BF62007A0F44 /* 684UITests.xctest */;
			productType = "com.apple.product-type.bundle.ui-testing";
		};
/* End PBXNativeTarget section */

/* Begin PBXProject section */
		079018712983BF5F007A0F44 /* Project object */ = {
			isa = PBXProject;
			attributes = {
				BuildIndependentTargetsInParallel = 1;
				LastUpgradeCheck = 1420;
				TargetAttributes = {
					079018782983BF5F007A0F44 = {
						CreatedOnToolsVersion = 14.2;
					};
					079018932983BF62007A0F44 = {
						CreatedOnToolsVersion = 14.2;
						TestTargetID = 079018782983BF5F007A0F44;
					};
					0790189D2983BF62007A0F44 = {
						CreatedOnToolsVersion = 14.2;
						TestTargetID = 079018782983BF5F007A0F44;
					};
				};
			};
			buildConfigurationList = 079018742983BF5F007A0F44 /* Build configuration list for PBXProject "684" */;
			compatibilityVersion = "Xcode 14.0";
			developmentRegion = en;
			hasScannedForEncodings = 0;
			knownRegions = (
				en,
				Base,
			);
			mainGroup = 079018702983BF5F007A0F44;
			productRefGroup = 0790187A2983BF60007A0F44 /* Products */;
			projectDirPath = "";
			projectRoot = "";
			targets = (
				079018782983BF5F007A0F44 /* 684 */,
				079018932983BF62007A0F44 /* 684Tests */,
				0790189D2983BF62007A0F44 /* 684UITests */,
			);
		};
/* End PBXProject section */

/* Begin PBXResourcesBuildPhase section */
		079018772983BF5F007A0F44 /* Resources */ = {
			isa = PBXResourcesBuildPhase;
			buildActionMask = 2147483647;
			files = (
				0790188C2983BF62007A0F44 /* LaunchScreen.storyboard in Resources */,
				079018892983BF62007A0F44 /* Assets.xcassets in Resources */,
				079018872983BF60007A0F44 /* Main.storyboard in Resources */,
			);
			runOnlyForDeploymentPostprocessing = 0;
		};
		079018922983BF62007A0F44 /* Resources */ = {
			isa = PBXResourcesBuildPhase;
			buildActionMask = 2147483647;
			files = (
			);
			runOnlyForDeploymentPostprocessing = 0;
		};
		0790189C2983BF62007A0F44 /* Resources */ = {
			isa = PBXResourcesBuildPhase;
			buildActionMask = 2147483647;
			files = (
			);
			runOnlyForDeploymentPostprocessing = 0;
		};
/* End PBXResourcesBuildPhase section */

/* Begin PBXSourcesBuildPhase section */
		079018752983BF5F007A0F44 /* Sources */ = {
			isa = PBXSourcesBuildPhase;
			buildActionMask = 2147483647;
			files = (
				079018842983BF60007A0F44 /* ViewController.m in Sources */,
				0790187E2983BF60007A0F44 /* AppDelegate.m in Sources */,
				0790188F2983BF62007A0F44 /* main.m in Sources */,
				079018812983BF60007A0F44 /* SceneDelegate.m in Sources */,
			);
			runOnlyForDeploymentPostprocessing = 0;
		};
		079018902983BF62007A0F44 /* Sources */ = {
			isa = PBXSourcesBuildPhase;
			buildActionMask = 2147483647;
			files = (
				079018992983BF62007A0F44 /* _84Tests.m in Sources */,
			);
			runOnlyForDeploymentPostprocessing = 0;
		};
		0790189A2983BF62007A0F44 /* Sources */ = {
			isa = PBXSourcesBuildPhase;
			buildActionMask = 2147483647;
			files = (
				079018A52983BF62007A0F44 /* _84UITestsLaunchTests.m in Sources */,
				079018A32983BF62007A0F44 /* _84UITests.m in Sources */,
			);
			runOnlyForDeploymentPostprocessing = 0;
		};
/* End PBXSourcesBuildPhase section */

/* Begin PBXTargetDependency section */
		079018962983BF62007A0F44 /* PBXTargetDependency */ = {
			isa = PBXTargetDependency;
			target = 079018782983BF5F007A0F44 /* 684 */;
			targetProxy = 079018952983BF62007A0F44 /* PBXContainerItemProxy */;
		};
		079018A02983BF62007A0F44 /* PBXTargetDependency */ = {
			isa = PBXTargetDependency;
			target = 079018782983BF5F007A0F44 /* 684 */;
			targetProxy = 0790189F2983BF62007A0F44 /* PBXContainerItemProxy */;
		};
/* End PBXTargetDependency section */

/* Begin PBXVariantGroup section */
		079018852983BF60007A0F44 /* Main.storyboard */ = {
			isa = PBXVariantGroup;
			children = (
				079018862983BF60007A0F44 /* Base */,
			);
			name = Main.storyboard;
			sourceTree = "<group>";
		};
		0790188A2983BF62007A0F44 /* LaunchScreen.storyboard */ = {
			isa = PBXVariantGroup;
			children = (
				0790188B2983BF62007A0F44 /* Base */,
			);
			name = LaunchScreen.storyboard;
			sourceTree = "<group>";
		};
/* End PBXVariantGroup section */

/* Begin XCBuildConfiguration section */
		079018A62983BF62007A0F44 /* Debug */ = {
			isa = XCBuildConfiguration;
			buildSettings = {
				ALWAYS_SEARCH_USER_PATHS = NO;
				CLANG_ANALYZER_NONNULL = YES;
				CLANG_ANALYZER_NUMBER_OBJECT_CONVERSION = YES_AGGRESSIVE;
				CLANG_CXX_LANGUAGE_STANDARD = "gnu++20";
				CLANG_ENABLE_MODULES = YES;
				CLANG_ENABLE_OBJC_ARC = YES;
				CLANG_ENABLE_OBJC_WEAK = YES;
				CLANG_WARN_BLOCK_CAPTURE_AUTORELEASING = YES;
				CLANG_WARN_BOOL_CONVERSION = YES;
				CLANG_WARN_COMMA = YES;
				CLANG_WARN_CONSTANT_CONVERSION = YES;
				CLANG_WARN_DEPRECATED_OBJC_IMPLEMENTATIONS = YES;
				CLANG_WARN_DIRECT_OBJC_ISA_USAGE = YES_ERROR;
				CLANG_WARN_DOCUMENTATION_COMMENTS = YES;
				CLANG_WARN_EMPTY_BODY = YES;
				CLANG_WARN_ENUM_CONVERSION = YES;
				CLANG_WARN_INFINITE_RECURSION = YES;
				CLANG_WARN_INT_CONVERSION = YES;
				CLANG_WARN_NON_LITERAL_NULL_CONVERSION = YES;
				CLANG_WARN_OBJC_IMPLICIT_RETAIN_SELF = YES;
				CLANG_WARN_OBJC_LITERAL_CONVERSION = YES;
				CLANG_WARN_OBJC_ROOT_CLASS = YES_ERROR;
				CLANG_WARN_QUOTED_INCLUDE_IN_FRAMEWORK_HEADER = YES;
				CLANG_WARN_RANGE_LOOP_ANALYSIS = YES;
				CLANG_WARN_STRICT_PROTOTYPES = YES;
				CLANG_WARN_SUSPICIOUS_MOVE = YES;
				CLANG_WARN_UNGUARDED_AVAILABILITY = YES_AGGRESSIVE;
				CLANG_WARN_UNREACHABLE_CODE = YES;
				CLANG_WARN__DUPLICATE_METHOD_MATCH = YES;
				COPY_PHASE_STRIP = NO;
				DEBUG_INFORMATION_FORMAT = dwarf;
				ENABLE_STRICT_OBJC_MSGSEND = YES;
				ENABLE_TESTABILITY = YES;
				GCC_C_LANGUAGE_STANDARD = gnu11;
				GCC_DYNAMIC_NO_PIC = NO;
				GCC_NO_COMMON_BLOCKS = YES;
				GCC_OPTIMIZATION_LEVEL = 0;
				GCC_PREPROCESSOR_DEFINITIONS = (
					"DEBUG=1",
					"$(inherited)",
				);
				GCC_WARN_64_TO_32_BIT_CONVERSION = YES;
				GCC_WARN_ABOUT_RETURN_TYPE = YES_ERROR;
				GCC_WARN_UNDECLARED_SELECTOR = YES;
				GCC_WARN_UNINITIALIZED_AUTOS = YES_AGGRESSIVE;
				GCC_WARN_UNUSED_FUNCTION = YES;
				GCC_WARN_UNUSED_VARIABLE = YES;
				IPHONEOS_DEPLOYMENT_TARGET = 16.2;
				MTL_ENABLE_DEBUG_INFO = INCLUDE_SOURCE;
				MTL_FAST_MATH = YES;
				ONLY_ACTIVE_ARCH = YES;
				SDKROOT = iphoneos;
			};
			name = Debug;
		};
		079018A72983BF62007A0F44 /* Release */ = {
			isa = XCBuildConfiguration;
			buildSettings = {
				ALWAYS_SEARCH_USER_PATHS = NO;
				CLANG_ANALYZER_NONNULL = YES;
				CLANG_ANALYZER_NUMBER_OBJECT_CONVERSION = YES_AGGRESSIVE;
				CLANG_CXX_LANGUAGE_STANDARD = "gnu++20";
				CLANG_ENABLE_MODULES = YES;
				CLANG_ENABLE_OBJC_ARC = YES;
				CLANG_ENABLE_OBJC_WEAK = YES;
				CLANG_WARN_BLOCK_CAPTURE_AUTORELEASING = YES;
				CLANG_WARN_BOOL_CONVERSION = YES;
				CLANG_WARN_COMMA = YES;
				CLANG_WARN_CONSTANT_CONVERSION = YES;
				CLANG_WARN_DEPRECATED_OBJC_IMPLEMENTATIONS = YES;
				CLANG_WARN_DIRECT_OBJC_ISA_USAGE = YES_ERROR;
				CLANG_WARN_DOCUMENTATION_COMMENTS = YES;
				CLANG_WARN_EMPTY_BODY = YES;
				CLANG_WARN_ENUM_CONVERSION = YES;
				CLANG_WARN_INFINITE_RECURSION = YES;
				CLANG_WARN_INT_CONVERSION = YES;
				CLANG_WARN_NON_LITERAL_NULL_CONVERSION = YES;
				CLANG_WARN_OBJC_IMPLICIT_RETAIN_SELF = YES;
				CLANG_WARN_OBJC_LITERAL_CONVERSION = YES;
				CLANG_WARN_OBJC_ROOT_CLASS = YES_ERROR;
				CLANG_WARN_QUOTED_INCLUDE_IN_FRAMEWORK_HEADER = YES;
				CLANG_WARN_RANGE_LOOP_ANALYSIS = YES;
				CLANG_WARN_STRICT_PROTOTYPES = YES;
				CLANG_WARN_SUSPICIOUS_MOVE = YES;
				CLANG_WARN_UNGUARDED_AVAILABILITY = YES_AGGRESSIVE;
				CLANG_WARN_UNREACHABLE_CODE = YES;
				CLANG_WARN__DUPLICATE_METHOD_MATCH = YES;
				COPY_PHASE_STRIP = NO;
				DEBUG_INFORMATION_FORMAT = "dwarf-with-dsym";
				ENABLE_NS_ASSERTIONS = NO;
				ENABLE_STRICT_OBJC_MSGSEND = YES;
				GCC_C_LANGUAGE_STANDARD = gnu11;
				GCC_NO_COMMON_BLOCKS = YES;
				GCC_WARN_64_TO_32_BIT_CONVERSION = YES;
				GCC_WARN_ABOUT_RETURN_TYPE = YES_ERROR;
				GCC_WARN_UNDECLARED_SELECTOR = YES;
				GCC_WARN_UNINITIALIZED_AUTOS = YES_AGGRESSIVE;
				GCC_WARN_UNUSED_FUNCTION = YES;
				GCC_WARN_UNUSED_VARIABLE = YES;
				IPHONEOS_DEPLOYMENT_TARGET = 16.2;
				MTL_ENABLE_DEBUG_INFO = NO;
				MTL_FAST_MATH = YES;
				SDKROOT = iphoneos;
				VALIDATE_PRODUCT = YES;
			};
			name = Release;
		};
		079018A92983BF62007A0F44 /* Debug */ = {
			isa = XCBuildConfiguration;
			buildSettings = {
				ASSETCATALOG_COMPILER_APPICON_NAME = AppIcon;
				ASSETCATALOG_COMPILER_GLOBAL_ACCENT_COLOR_NAME = AccentColor;
				CODE_SIGN_STYLE = Automatic;
				CURRENT_PROJECT_VERSION = 1;
				DEVELOPMENT_TEAM = V78PNC644F;
				GENERATE_INFOPLIST_FILE = YES;
				INFOPLIST_FILE = 684/Info.plist;
				INFOPLIST_KEY_UIApplicationSupportsIndirectInputEvents = YES;
				INFOPLIST_KEY_UILaunchStoryboardName = LaunchScreen;
				INFOPLIST_KEY_UIMainStoryboardFile = Main;
				INFOPLIST_KEY_UISupportedInterfaceOrientations_iPad = "UIInterfaceOrientationPortrait UIInterfaceOrientationPortraitUpsideDown UIInterfaceOrientationLandscapeLeft UIInterfaceOrientationLandscapeRight";
				INFOPLIST_KEY_UISupportedInterfaceOrientations_iPhone = "UIInterfaceOrientationPortrait UIInterfaceOrientationLandscapeLeft UIInterfaceOrientationLandscapeRight";
				LD_RUNPATH_SEARCH_PATHS = (
					"$(inherited)",
					"@executable_path/Frameworks",
				);
				MARKETING_VERSION = 1.0;
				PRODUCT_BUNDLE_IDENTIFIER = "com.CMDealCenter.-84";
				PRODUCT_NAME = "$(TARGET_NAME)";
				SWIFT_EMIT_LOC_STRINGS = YES;
				TARGETED_DEVICE_FAMILY = "1,2";
			};
			name = Debug;
		};
		079018AA2983BF62007A0F44 /* Release */ = {
			isa = XCBuildConfiguration;
			buildSettings = {
				ASSETCATALOG_COMPILER_APPICON_NAME = AppIcon;
				ASSETCATALOG_COMPILER_GLOBAL_ACCENT_COLOR_NAME = AccentColor;
				CODE_SIGN_STYLE = Automatic;
				CURRENT_PROJECT_VERSION = 1;
				DEVELOPMENT_TEAM = V78PNC644F;
				GENERATE_INFOPLIST_FILE = YES;
				INFOPLIST_FILE = 684/Info.plist;
				INFOPLIST_KEY_UIApplicationSupportsIndirectInputEvents = YES;
				INFOPLIST_KEY_UILaunchStoryboardName = LaunchScreen;
				INFOPLIST_KEY_UIMainStoryboardFile = Main;
				INFOPLIST_KEY_UISupportedInterfaceOrientations_iPad = "UIInterfaceOrientationPortrait UIInterfaceOrientationPortraitUpsideDown UIInterfaceOrientationLandscapeLeft UIInterfaceOrientationLandscapeRight";
				INFOPLIST_KEY_UISupportedInterfaceOrientations_iPhone = "UIInterfaceOrientationPortrait UIInterfaceOrientationLandscapeLeft UIInterfaceOrientationLandscapeRight";
				LD_RUNPATH_SEARCH_PATHS = (
					"$(inherited)",
					"@executable_path/Frameworks",
				);
				MARKETING_VERSION = 1.0;
				PRODUCT_BUNDLE_IDENTIFIER = "com.CMDealCenter.-84";
				PRODUCT_NAME = "$(TARGET_NAME)";
				SWIFT_EMIT_LOC_STRINGS = YES;
				TARGETED_DEVICE_FAMILY = "1,2";
			};
			name = Release;
		};
		079018AC2983BF62007A0F44 /* Debug */ = {
			isa = XCBuildConfiguration;
			buildSettings = {
				BUNDLE_LOADER = "$(TEST_HOST)";
				CODE_SIGN_STYLE = Automatic;
				CURRENT_PROJECT_VERSION = 1;
				DEVELOPMENT_TEAM = V78PNC644F;
				GENERATE_INFOPLIST_FILE = YES;
				IPHONEOS_DEPLOYMENT_TARGET = 16.2;
				MARKETING_VERSION = 1.0;
				PRODUCT_BUNDLE_IDENTIFIER = "com.CMDealCenter.-84Tests";
				PRODUCT_NAME = "$(TARGET_NAME)";
				SWIFT_EMIT_LOC_STRINGS = NO;
				TARGETED_DEVICE_FAMILY = "1,2";
				TEST_HOST = "$(BUILT_PRODUCTS_DIR)/684.app/$(BUNDLE_EXECUTABLE_FOLDER_PATH)/684";
			};
			name = Debug;
		};
		079018AD2983BF62007A0F44 /* Release */ = {
			isa = XCBuildConfiguration;
			buildSettings = {
				BUNDLE_LOADER = "$(TEST_HOST)";
				CODE_SIGN_STYLE = Automatic;
				CURRENT_PROJECT_VERSION = 1;
				DEVELOPMENT_TEAM = V78PNC644F;
				GENERATE_INFOPLIST_FILE = YES;
				IPHONEOS_DEPLOYMENT_TARGET = 16.2;
				MARKETING_VERSION = 1.0;
				PRODUCT_BUNDLE_IDENTIFIER = "com.CMDealCenter.-84Tests";
				PRODUCT_NAME = "$(TARGET_NAME)";
				SWIFT_EMIT_LOC_STRINGS = NO;
				TARGETED_DEVICE_FAMILY = "1,2";
				TEST_HOST = "$(BUILT_PRODUCTS_DIR)/684.app/$(BUNDLE_EXECUTABLE_FOLDER_PATH)/684";
			};
			name = Release;
		};
		079018AF2983BF62007A0F44 /* Debug */ = {
			isa = XCBuildConfiguration;
			buildSettings = {
				CODE_SIGN_STYLE = Automatic;
				CURRENT_PROJECT_VERSION = 1;
				DEVELOPMENT_TEAM = V78PNC644F;
				GENERATE_INFOPLIST_FILE = YES;
				MARKETING_VERSION = 1.0;
				PRODUCT_BUNDLE_IDENTIFIER = "com.CMDealCenter.-84UITests";
				PRODUCT_NAME = "$(TARGET_NAME)";
				SWIFT_EMIT_LOC_STRINGS = NO;
				TARGETED_DEVICE_FAMILY = "1,2";
				TEST_TARGET_NAME = 684;
			};
			name = Debug;
		};
		079018B02983BF62007A0F44 /* Release */ = {
			isa = XCBuildConfiguration;
			buildSettings = {
				CODE_SIGN_STYLE = Automatic;
				CURRENT_PROJECT_VERSION = 1;
				DEVELOPMENT_TEAM = V78PNC644F;
				GENERATE_INFOPLIST_FILE = YES;
				MARKETING_VERSION = 1.0;
				PRODUCT_BUNDLE_IDENTIFIER = "com.CMDealCenter.-84UITests";
				PRODUCT_NAME = "$(TARGET_NAME)";
				SWIFT_EMIT_LOC_STRINGS = NO;
				TARGETED_DEVICE_FAMILY = "1,2";
				TEST_TARGET_NAME = 684;
			};
			name = Release;
		};
/* End XCBuildConfiguration section */

/* Begin XCConfigurationList section */
		079018742983BF5F007A0F44 /* Build configuration list for PBXProject "684" */ = {
			isa = XCConfigurationList;
			buildConfigurations = (
				079018A62983BF62007A0F44 /* Debug */,
				079018A72983BF62007A0F44 /* Release */,
			);
			defaultConfigurationIsVisible = 0;
			defaultConfigurationName = Release;
		};
		079018A82983BF62007A0F44 /* Build configuration list for PBXNativeTarget "684" */ = {
			isa = XCConfigurationList;
			buildConfigurations = (
				079018A92983BF62007A0F44 /* Debug */,
				079018AA2983BF62007A0F44 /* Release */,
			);
			defaultConfigurationIsVisible = 0;
			defaultConfigurationName = Release;
		};
		079018AB2983BF62007A0F44 /* Build configuration list for PBXNativeTarget "684Tests" */ = {
			isa = XCConfigurationList;
			buildConfigurations = (
				079018AC2983BF62007A0F44 /* Debug */,
				079018AD2983BF62007A0F44 /* Release */,
			);
			defaultConfigurationIsVisible = 0;
			defaultConfigurationName = Release;
		};
		079018AE2983BF62007A0F44 /* Build configuration list for PBXNativeTarget "684UITests" */ = {
			isa = XCConfigurationList;
			buildConfigurations = (
				079018AF2983BF62007A0F44 /* Debug */,
				079018B02983BF62007A0F44 /* Release */,
			);
			defaultConfigurationIsVisible = 0;
			defaultConfigurationName = Release;
		};
/* End XCConfigurationList section */
	};
	rootObject = 079018712983BF5F007A0F44 /* Project object */;
}
